// !$*UTF8*$!
{
	archiveVersion = 1;
	classes = {
	};
	objectVersion = 52;
	objects = {

/* Begin PBXBuildFile section */
		710832EDA40A1A459C705D50 /* ProfileViewController.swift in Sources */ = {isa = PBXBuildFile; fileRef = 71083A83D7A826388B21A411 /* ProfileViewController.swift */; };
		710833F4539330D909C34864 /* PropertyViewCell.swift in Sources */ = {isa = PBXBuildFile; fileRef = 71083E00B90D9FD8355D8378 /* PropertyViewCell.swift */; };
		7108345CB4FFB6456F767DD0 /* ProfileView.swift in Sources */ = {isa = PBXBuildFile; fileRef = 71083D0A8F18198D46001493 /* ProfileView.swift */; };
		710835F513FA64657C9F2976 /* UIViewController.swift in Sources */ = {isa = PBXBuildFile; fileRef = 71083BD6CDA18ECD9F89F283 /* UIViewController.swift */; };
		7108372593B91FA9EFE6C0F4 /* ProfileFruit.swift in Sources */ = {isa = PBXBuildFile; fileRef = 71083F029B33EC1E0AC05CE5 /* ProfileFruit.swift */; };
		710837CFDA16AE159E07FEF8 /* PrefactoringUserPhoto.swift in Sources */ = {isa = PBXBuildFile; fileRef = 71083B09B1BE72A8ED75674A /* PrefactoringUserPhoto.swift */; };
		71083851B1548B977EBFAEEA /* DatePickerView.swift in Sources */ = {isa = PBXBuildFile; fileRef = 7108387B3A1AFAAEAD424A3D /* DatePickerView.swift */; };
		71083971F2DA3A572E8DA39F /* EditProfileViewController.swift in Sources */ = {isa = PBXBuildFile; fileRef = 71083898755E027E99B9D353 /* EditProfileViewController.swift */; };
		71083A4FBBC1F9CF33E23383 /* PrefactoringEditProfileOnBackClick.swift in Sources */ = {isa = PBXBuildFile; fileRef = 7108367545A88851DEE8FCAD /* PrefactoringEditProfileOnBackClick.swift */; };
		71083C57BE27C56AA7D0ADA0 /* PrefactoringEditProfileOnSaveClick.swift in Sources */ = {isa = PBXBuildFile; fileRef = 71083AD20E76503428676DEA /* PrefactoringEditProfileOnSaveClick.swift */; };
		71083CD69C43507511D81DF7 /* ItemPickerView.swift in Sources */ = {isa = PBXBuildFile; fileRef = 71083625CD79EAB752DB8859 /* ItemPickerView.swift */; };
		71083E521DDD62180E494B9C /* UIView.swift in Sources */ = {isa = PBXBuildFile; fileRef = 7108383C2037C220D908C3C5 /* UIView.swift */; };
		75195C182422419E00BF8E6F /* Assets.xcassets in Resources */ = {isa = PBXBuildFile; fileRef = 75195C172422419E00BF8E6F /* Assets.xcassets */; };
		75195C23242243EB00BF8E6F /* AppDelegate.swift in Sources */ = {isa = PBXBuildFile; fileRef = 75195C0E2422419C00BF8E6F /* AppDelegate.swift */; };
		75B5E08C2422690800D76E6C /* Launch Screen.storyboard in Resources */ = {isa = PBXBuildFile; fileRef = 75B5E08B2422690800D76E6C /* Launch Screen.storyboard */; };
		A0FC91807F6109C63C39AE74 /* Pods_TestApp.framework in Frameworks */ = {isa = PBXBuildFile; fileRef = BEA855BC29FA758CD958B7BC /* Pods_TestApp.framework */; };
/* End PBXBuildFile section */

/* Begin PBXFileReference section */
		2495F16CDEDD669D6A39BABA /* Pods-TestApp.release.xcconfig */ = {isa = PBXFileReference; includeInIndex = 1; lastKnownFileType = text.xcconfig; name = "Pods-TestApp.release.xcconfig"; path = "Target Support Files/Pods-TestApp/Pods-TestApp.release.xcconfig"; sourceTree = "<group>"; };
		58184AEF9CA5E31CAC22DC0B /* Pods-TestApp.debug.xcconfig */ = {isa = PBXFileReference; includeInIndex = 1; lastKnownFileType = text.xcconfig; name = "Pods-TestApp.debug.xcconfig"; path = "Target Support Files/Pods-TestApp/Pods-TestApp.debug.xcconfig"; sourceTree = "<group>"; };
		71083625CD79EAB752DB8859 /* ItemPickerView.swift */ = {isa = PBXFileReference; fileEncoding = 4; lastKnownFileType = sourcecode.swift; path = ItemPickerView.swift; sourceTree = "<group>"; };
		7108367545A88851DEE8FCAD /* PrefactoringEditProfileOnBackClick.swift */ = {isa = PBXFileReference; fileEncoding = 4; lastKnownFileType = sourcecode.swift; path = PrefactoringEditProfileOnBackClick.swift; sourceTree = "<group>"; };
		7108383C2037C220D908C3C5 /* UIView.swift */ = {isa = PBXFileReference; fileEncoding = 4; lastKnownFileType = sourcecode.swift; path = UIView.swift; sourceTree = "<group>"; };
		7108387B3A1AFAAEAD424A3D /* DatePickerView.swift */ = {isa = PBXFileReference; fileEncoding = 4; lastKnownFileType = sourcecode.swift; path = DatePickerView.swift; sourceTree = "<group>"; };
		71083898755E027E99B9D353 /* EditProfileViewController.swift */ = {isa = PBXFileReference; fileEncoding = 4; lastKnownFileType = sourcecode.swift; path = EditProfileViewController.swift; sourceTree = "<group>"; };
		71083A83D7A826388B21A411 /* ProfileViewController.swift */ = {isa = PBXFileReference; fileEncoding = 4; lastKnownFileType = sourcecode.swift; path = ProfileViewController.swift; sourceTree = "<group>"; };
		71083AD20E76503428676DEA /* PrefactoringEditProfileOnSaveClick.swift */ = {isa = PBXFileReference; fileEncoding = 4; lastKnownFileType = sourcecode.swift; path = PrefactoringEditProfileOnSaveClick.swift; sourceTree = "<group>"; };
		71083B09B1BE72A8ED75674A /* PrefactoringUserPhoto.swift */ = {isa = PBXFileReference; fileEncoding = 4; lastKnownFileType = sourcecode.swift; path = PrefactoringUserPhoto.swift; sourceTree = "<group>"; };
		71083BD6CDA18ECD9F89F283 /* UIViewController.swift */ = {isa = PBXFileReference; fileEncoding = 4; lastKnownFileType = sourcecode.swift; path = UIViewController.swift; sourceTree = "<group>"; };
		71083D0A8F18198D46001493 /* ProfileView.swift */ = {isa = PBXFileReference; fileEncoding = 4; lastKnownFileType = sourcecode.swift; path = ProfileView.swift; sourceTree = "<group>"; };
		71083E00B90D9FD8355D8378 /* PropertyViewCell.swift */ = {isa = PBXFileReference; fileEncoding = 4; lastKnownFileType = sourcecode.swift; path = PropertyViewCell.swift; sourceTree = "<group>"; };
		71083F029B33EC1E0AC05CE5 /* ProfileFruit.swift */ = {isa = PBXFileReference; fileEncoding = 4; lastKnownFileType = sourcecode.swift; path = ProfileFruit.swift; sourceTree = "<group>"; };
		75195C0B2422419C00BF8E6F /* TestApp.app */ = {isa = PBXFileReference; explicitFileType = wrapper.application; includeInIndex = 0; path = TestApp.app; sourceTree = BUILT_PRODUCTS_DIR; };
		75195C0E2422419C00BF8E6F /* AppDelegate.swift */ = {isa = PBXFileReference; lastKnownFileType = sourcecode.swift; path = AppDelegate.swift; sourceTree = "<group>"; };
		75195C172422419E00BF8E6F /* Assets.xcassets */ = {isa = PBXFileReference; lastKnownFileType = folder.assetcatalog; name = Assets.xcassets; path = TestApp/Assets.xcassets; sourceTree = SOURCE_ROOT; };
		75195C1C2422419E00BF8E6F /* Info.plist */ = {isa = PBXFileReference; lastKnownFileType = text.plist.xml; path = Info.plist; sourceTree = "<group>"; };
		75B5E08B2422690800D76E6C /* Launch Screen.storyboard */ = {isa = PBXFileReference; lastKnownFileType = file.storyboard; path = "Launch Screen.storyboard"; sourceTree = "<group>"; };
		BEA855BC29FA758CD958B7BC /* Pods_TestApp.framework */ = {isa = PBXFileReference; explicitFileType = wrapper.framework; includeInIndex = 0; path = Pods_TestApp.framework; sourceTree = BUILT_PRODUCTS_DIR; };
/* End PBXFileReference section */

/* Begin PBXFrameworksBuildPhase section */
		75195C082422419C00BF8E6F /* Frameworks */ = {
			isa = PBXFrameworksBuildPhase;
			buildActionMask = 2147483647;
			files = (
				A0FC91807F6109C63C39AE74 /* Pods_TestApp.framework in Frameworks */,
			);
			runOnlyForDeploymentPostprocessing = 0;
		};
/* End PBXFrameworksBuildPhase section */

/* Begin PBXGroup section */
		48467AB186DE4B99D0570FF2 /* Pods */ = {
			isa = PBXGroup;
			children = (
				58184AEF9CA5E31CAC22DC0B /* Pods-TestApp.debug.xcconfig */,
				2495F16CDEDD669D6A39BABA /* Pods-TestApp.release.xcconfig */,
			);
			path = Pods;
			sourceTree = "<group>";
		};
		7108301E22267ACD60637541 /* views */ = {
			isa = PBXGroup;
			children = (
				71083E00B90D9FD8355D8378 /* PropertyViewCell.swift */,
				71083D0A8F18198D46001493 /* ProfileView.swift */,
				7108387B3A1AFAAEAD424A3D /* DatePickerView.swift */,
				71083625CD79EAB752DB8859 /* ItemPickerView.swift */,
			);
			path = views;
			sourceTree = "<group>";
		};
		710835975EA636FFF619911E /* profile */ = {
			isa = PBXGroup;
			children = (
				71083A83D7A826388B21A411 /* ProfileViewController.swift */,
				7108301E22267ACD60637541 /* views */,
				7108375C4D8257199F074811 /* fruits */,
				71083898755E027E99B9D353 /* EditProfileViewController.swift */,
			);
			path = profile;
			sourceTree = "<group>";
		};
		710836A034E924BFF3255DF3 /* extensions */ = {
			isa = PBXGroup;
			children = (
				7108383C2037C220D908C3C5 /* UIView.swift */,
				71083BD6CDA18ECD9F89F283 /* UIViewController.swift */,
			);
			path = extensions;
			sourceTree = "<group>";
		};
		7108370268A017B1D0F286F3 /* prefactoring */ = {
			isa = PBXGroup;
			children = (
				7108367545A88851DEE8FCAD /* PrefactoringEditProfileOnBackClick.swift */,
				71083AD20E76503428676DEA /* PrefactoringEditProfileOnSaveClick.swift */,
				71083B09B1BE72A8ED75674A /* PrefactoringUserPhoto.swift */,
			);
			path = prefactoring;
			sourceTree = "<group>";
		};
		7108375C4D8257199F074811 /* fruits */ = {
			isa = PBXGroup;
			children = (
				71083F029B33EC1E0AC05CE5 /* ProfileFruit.swift */,
			);
			path = fruits;
			sourceTree = "<group>";
		};
		71083DAF92F0822F9BDF2877 /* screens */ = {
			isa = PBXGroup;
			children = (
				710835975EA636FFF619911E /* profile */,
			);
			path = screens;
			sourceTree = "<group>";
		};
		75195C022422419C00BF8E6F = {
			isa = PBXGroup;
			children = (
				75B5E08B2422690800D76E6C /* Launch Screen.storyboard */,
				75195C0D2422419C00BF8E6F /* TestApp */,
				75195C0C2422419C00BF8E6F /* Products */,
				48467AB186DE4B99D0570FF2 /* Pods */,
				A4E723C4C612BA0BA8FA67F4 /* Frameworks */,
			);
			sourceTree = "<group>";
			usesTabs = 0;
		};
		75195C0C2422419C00BF8E6F /* Products */ = {
			isa = PBXGroup;
			children = (
				75195C0B2422419C00BF8E6F /* TestApp.app */,
			);
			name = Products;
			sourceTree = "<group>";
		};
		75195C0D2422419C00BF8E6F /* TestApp */ = {
			isa = PBXGroup;
			children = (
				75195C0E2422419C00BF8E6F /* AppDelegate.swift */,
				75195C172422419E00BF8E6F /* Assets.xcassets */,
				75195C1C2422419E00BF8E6F /* Info.plist */,
				71083DAF92F0822F9BDF2877 /* screens */,
				710836A034E924BFF3255DF3 /* extensions */,
				7108370268A017B1D0F286F3 /* prefactoring */,
			);
			path = TestApp;
			sourceTree = "<group>";
		};
		A4E723C4C612BA0BA8FA67F4 /* Frameworks */ = {
			isa = PBXGroup;
			children = (
				BEA855BC29FA758CD958B7BC /* Pods_TestApp.framework */,
			);
			name = Frameworks;
			sourceTree = "<group>";
		};
/* End PBXGroup section */

/* Begin PBXNativeTarget section */
		75195C0A2422419C00BF8E6F /* TestApp */ = {
			isa = PBXNativeTarget;
			buildConfigurationList = 75195C1F2422419E00BF8E6F /* Build configuration list for PBXNativeTarget "TestApp" */;
			buildPhases = (
				F7F693B17E1D50CED2CA44D2 /* [CP] Check Pods Manifest.lock */,
				75195C072422419C00BF8E6F /* Sources */,
				75195C082422419C00BF8E6F /* Frameworks */,
				75195C092422419C00BF8E6F /* Resources */,
				5C2A4EEC1F0FC92F292E8122 /* [CP] Embed Pods Frameworks */,
			);
			buildRules = (
			);
			dependencies = (
			);
			name = TestApp;
			productName = TestApp;
			productReference = 75195C0B2422419C00BF8E6F /* TestApp.app */;
			productType = "com.apple.product-type.application";
		};
/* End PBXNativeTarget section */

/* Begin PBXProject section */
		75195C032422419C00BF8E6F /* Project object */ = {
			isa = PBXProject;
			attributes = {
				LastSwiftUpdateCheck = 1130;
				LastUpgradeCheck = 1130;
				ORGANIZATIONNAME = "ALEKSANDR KUNDRYUKOV";
				TargetAttributes = {
					75195C0A2422419C00BF8E6F = {
						CreatedOnToolsVersion = 11.3;
					};
				};
			};
			buildConfigurationList = 75195C062422419C00BF8E6F /* Build configuration list for PBXProject "TestApp" */;
			compatibilityVersion = "Xcode 11.0";
			developmentRegion = en;
			hasScannedForEncodings = 0;
			knownRegions = (
				en,
				Base,
			);
			mainGroup = 75195C022422419C00BF8E6F;
			productRefGroup = 75195C0C2422419C00BF8E6F /* Products */;
			projectDirPath = "";
			projectRoot = "";
			targets = (
				75195C0A2422419C00BF8E6F /* TestApp */,
			);
		};
/* End PBXProject section */

/* Begin PBXResourcesBuildPhase section */
		75195C092422419C00BF8E6F /* Resources */ = {
			isa = PBXResourcesBuildPhase;
			buildActionMask = 2147483647;
			files = (
				75B5E08C2422690800D76E6C /* Launch Screen.storyboard in Resources */,
				75195C182422419E00BF8E6F /* Assets.xcassets in Resources */,
			);
			runOnlyForDeploymentPostprocessing = 0;
		};
/* End PBXResourcesBuildPhase section */

/* Begin PBXShellScriptBuildPhase section */
		5C2A4EEC1F0FC92F292E8122 /* [CP] Embed Pods Frameworks */ = {
			isa = PBXShellScriptBuildPhase;
			buildActionMask = 2147483647;
			files = (
			);
			inputFileListPaths = (
				"${PODS_ROOT}/Target Support Files/Pods-TestApp/Pods-TestApp-frameworks-${CONFIGURATION}-input-files.xcfilelist",
			);
			name = "[CP] Embed Pods Frameworks";
			outputFileListPaths = (
				"${PODS_ROOT}/Target Support Files/Pods-TestApp/Pods-TestApp-frameworks-${CONFIGURATION}-output-files.xcfilelist",
			);
			runOnlyForDeploymentPostprocessing = 0;
			shellPath = /bin/sh;
			shellScript = "\"${PODS_ROOT}/Target Support Files/Pods-TestApp/Pods-TestApp-frameworks.sh\"\n";
			showEnvVarsInLog = 0;
		};
		F7F693B17E1D50CED2CA44D2 /* [CP] Check Pods Manifest.lock */ = {
			isa = PBXShellScriptBuildPhase;
			buildActionMask = 2147483647;
			files = (
			);
			inputFileListPaths = (
			);
			inputPaths = (
				"${PODS_PODFILE_DIR_PATH}/Podfile.lock",
				"${PODS_ROOT}/Manifest.lock",
			);
			name = "[CP] Check Pods Manifest.lock";
			outputFileListPaths = (
			);
			outputPaths = (
				"$(DERIVED_FILE_DIR)/Pods-TestApp-checkManifestLockResult.txt",
			);
			runOnlyForDeploymentPostprocessing = 0;
			shellPath = /bin/sh;
			shellScript = "diff \"${PODS_PODFILE_DIR_PATH}/Podfile.lock\" \"${PODS_ROOT}/Manifest.lock\" > /dev/null\nif [ $? != 0 ] ; then\n    # print error to STDERR\n    echo \"error: The sandbox is not in sync with the Podfile.lock. Run 'pod install' or update your CocoaPods installation.\" >&2\n    exit 1\nfi\n# This output is used by Xcode 'outputs' to avoid re-running this script phase.\necho \"SUCCESS\" > \"${SCRIPT_OUTPUT_FILE_0}\"\n";
			showEnvVarsInLog = 0;
		};
/* End PBXShellScriptBuildPhase section */

/* Begin PBXSourcesBuildPhase section */
		75195C072422419C00BF8E6F /* Sources */ = {
			isa = PBXSourcesBuildPhase;
			buildActionMask = 2147483647;
			files = (
				75195C23242243EB00BF8E6F /* AppDelegate.swift in Sources */,
				710832EDA40A1A459C705D50 /* ProfileViewController.swift in Sources */,
				710833F4539330D909C34864 /* PropertyViewCell.swift in Sources */,
				7108345CB4FFB6456F767DD0 /* ProfileView.swift in Sources */,
				7108372593B91FA9EFE6C0F4 /* ProfileFruit.swift in Sources */,
				71083851B1548B977EBFAEEA /* DatePickerView.swift in Sources */,
				71083CD69C43507511D81DF7 /* ItemPickerView.swift in Sources */,
				71083E521DDD62180E494B9C /* UIView.swift in Sources */,
				71083A4FBBC1F9CF33E23383 /* PrefactoringEditProfileOnBackClick.swift in Sources */,
				71083C57BE27C56AA7D0ADA0 /* PrefactoringEditProfileOnSaveClick.swift in Sources */,
				710837CFDA16AE159E07FEF8 /* PrefactoringUserPhoto.swift in Sources */,
				71083971F2DA3A572E8DA39F /* EditProfileViewController.swift in Sources */,
				710835F513FA64657C9F2976 /* UIViewController.swift in Sources */,
			);
			runOnlyForDeploymentPostprocessing = 0;
		};
/* End PBXSourcesBuildPhase section */

/* Begin XCBuildConfiguration section */
		75195C1D2422419E00BF8E6F /* Debug */ = {
			isa = XCBuildConfiguration;
			buildSettings = {
				ALWAYS_SEARCH_USER_PATHS = NO;
				CLANG_ANALYZER_NONNULL = YES;
				CLANG_ANALYZER_NUMBER_OBJECT_CONVERSION = YES_AGGRESSIVE;
				CLANG_CXX_LANGUAGE_STANDARD = "gnu++14";
				CLANG_CXX_LIBRARY = "libc++";
				CLANG_ENABLE_MODULES = YES;
				CLANG_ENABLE_OBJC_ARC = YES;
				CLANG_ENABLE_OBJC_WEAK = YES;
				CLANG_WARN_BLOCK_CAPTURE_AUTORELEASING = YES;
				CLANG_WARN_BOOL_CONVERSION = YES;
				CLANG_WARN_COMMA = YES;
				CLANG_WARN_CONSTANT_CONVERSION = YES;
				CLANG_WARN_DEPRECATED_OBJC_IMPLEMENTATIONS = YES;
				CLANG_WARN_DIRECT_OBJC_ISA_USAGE = YES_ERROR;
				CLANG_WARN_DOCUMENTATION_COMMENTS = YES;
				CLANG_WARN_EMPTY_BODY = YES;
				CLANG_WARN_ENUM_CONVERSION = YES;
				CLANG_WARN_INFINITE_RECURSION = YES;
				CLANG_WARN_INT_CONVERSION = YES;
				CLANG_WARN_NON_LITERAL_NULL_CONVERSION = YES;
				CLANG_WARN_OBJC_IMPLICIT_RETAIN_SELF = YES;
				CLANG_WARN_OBJC_LITERAL_CONVERSION = YES;
				CLANG_WARN_OBJC_ROOT_CLASS = YES_ERROR;
				CLANG_WARN_RANGE_LOOP_ANALYSIS = YES;
				CLANG_WARN_STRICT_PROTOTYPES = YES;
				CLANG_WARN_SUSPICIOUS_MOVE = YES;
				CLANG_WARN_UNGUARDED_AVAILABILITY = YES_AGGRESSIVE;
				CLANG_WARN_UNREACHABLE_CODE = YES;
				CLANG_WARN__DUPLICATE_METHOD_MATCH = YES;
				COPY_PHASE_STRIP = NO;
				DEBUG_INFORMATION_FORMAT = dwarf;
				ENABLE_STRICT_OBJC_MSGSEND = YES;
				ENABLE_TESTABILITY = YES;
				GCC_C_LANGUAGE_STANDARD = gnu11;
				GCC_DYNAMIC_NO_PIC = NO;
				GCC_NO_COMMON_BLOCKS = YES;
				GCC_OPTIMIZATION_LEVEL = 0;
				GCC_PREPROCESSOR_DEFINITIONS = (
					"DEBUG=1",
					"$(inherited)",
				);
				GCC_WARN_64_TO_32_BIT_CONVERSION = YES;
				GCC_WARN_ABOUT_RETURN_TYPE = YES_ERROR;
				GCC_WARN_UNDECLARED_SELECTOR = YES;
				GCC_WARN_UNINITIALIZED_AUTOS = YES_AGGRESSIVE;
				GCC_WARN_UNUSED_FUNCTION = YES;
				GCC_WARN_UNUSED_VARIABLE = YES;
				IPHONEOS_DEPLOYMENT_TARGET = 11.0;
				MTL_ENABLE_DEBUG_INFO = INCLUDE_SOURCE;
				MTL_FAST_MATH = YES;
				ONLY_ACTIVE_ARCH = YES;
				SDKROOT = iphoneos;
				SWIFT_ACTIVE_COMPILATION_CONDITIONS = DEBUG;
				SWIFT_OPTIMIZATION_LEVEL = "-Onone";
			};
			name = Debug;
		};
		75195C1E2422419E00BF8E6F /* Release */ = {
			isa = XCBuildConfiguration;
			buildSettings = {
				ALWAYS_SEARCH_USER_PATHS = NO;
				CLANG_ANALYZER_NONNULL = YES;
				CLANG_ANALYZER_NUMBER_OBJECT_CONVERSION = YES_AGGRESSIVE;
				CLANG_CXX_LANGUAGE_STANDARD = "gnu++14";
				CLANG_CXX_LIBRARY = "libc++";
				CLANG_ENABLE_MODULES = YES;
				CLANG_ENABLE_OBJC_ARC = YES;
				CLANG_ENABLE_OBJC_WEAK = YES;
				CLANG_WARN_BLOCK_CAPTURE_AUTORELEASING = YES;
				CLANG_WARN_BOOL_CONVERSION = YES;
				CLANG_WARN_COMMA = YES;
				CLANG_WARN_CONSTANT_CONVERSION = YES;
				CLANG_WARN_DEPRECATED_OBJC_IMPLEMENTATIONS = YES;
				CLANG_WARN_DIRECT_OBJC_ISA_USAGE = YES_ERROR;
				CLANG_WARN_DOCUMENTATION_COMMENTS = YES;
				CLANG_WARN_EMPTY_BODY = YES;
				CLANG_WARN_ENUM_CONVERSION = YES;
				CLANG_WARN_INFINITE_RECURSION = YES;
				CLANG_WARN_INT_CONVERSION = YES;
				CLANG_WARN_NON_LITERAL_NULL_CONVERSION = YES;
				CLANG_WARN_OBJC_IMPLICIT_RETAIN_SELF = YES;
				CLANG_WARN_OBJC_LITERAL_CONVERSION = YES;
				CLANG_WARN_OBJC_ROOT_CLASS = YES_ERROR;
				CLANG_WARN_RANGE_LOOP_ANALYSIS = YES;
				CLANG_WARN_STRICT_PROTOTYPES = YES;
				CLANG_WARN_SUSPICIOUS_MOVE = YES;
				CLANG_WARN_UNGUARDED_AVAILABILITY = YES_AGGRESSIVE;
				CLANG_WARN_UNREACHABLE_CODE = YES;
				CLANG_WARN__DUPLICATE_METHOD_MATCH = YES;
				COPY_PHASE_STRIP = NO;
				DEBUG_INFORMATION_FORMAT = "dwarf-with-dsym";
				ENABLE_NS_ASSERTIONS = NO;
				ENABLE_STRICT_OBJC_MSGSEND = YES;
				GCC_C_LANGUAGE_STANDARD = gnu11;
				GCC_NO_COMMON_BLOCKS = YES;
				GCC_WARN_64_TO_32_BIT_CONVERSION = YES;
				GCC_WARN_ABOUT_RETURN_TYPE = YES_ERROR;
				GCC_WARN_UNDECLARED_SELECTOR = YES;
				GCC_WARN_UNINITIALIZED_AUTOS = YES_AGGRESSIVE;
				GCC_WARN_UNUSED_FUNCTION = YES;
				GCC_WARN_UNUSED_VARIABLE = YES;
				IPHONEOS_DEPLOYMENT_TARGET = 11.0;
				MTL_ENABLE_DEBUG_INFO = NO;
				MTL_FAST_MATH = YES;
				SDKROOT = iphoneos;
				SWIFT_COMPILATION_MODE = wholemodule;
				SWIFT_OPTIMIZATION_LEVEL = "-O";
				VALIDATE_PRODUCT = YES;
			};
			name = Release;
		};
		75195C202422419E00BF8E6F /* Debug */ = {
			isa = XCBuildConfiguration;
			baseConfigurationReference = 58184AEF9CA5E31CAC22DC0B /* Pods-TestApp.debug.xcconfig */;
			buildSettings = {
				ASSETCATALOG_COMPILER_APPICON_NAME = AppIcon;
				CODE_SIGN_STYLE = Automatic;
				INFOPLIST_FILE = TestApp/Info.plist;
				IPHONEOS_DEPLOYMENT_TARGET = 11.0;
				LD_RUNPATH_SEARCH_PATHS = (
					"$(inherited)",
					"@executable_path/Frameworks",
				);
				PRODUCT_BUNDLE_IDENTIFIER = ru.sunshine.TestApp;
				PRODUCT_NAME = "$(TARGET_NAME)";
				SWIFT_VERSION = 4.0;
				TARGETED_DEVICE_FAMILY = 1;
			};
			name = Debug;
		};
		75195C212422419E00BF8E6F /* Release */ = {
			isa = XCBuildConfiguration;
			baseConfigurationReference = 2495F16CDEDD669D6A39BABA /* Pods-TestApp.release.xcconfig */;
			buildSettings = {
				ASSETCATALOG_COMPILER_APPICON_NAME = AppIcon;
				CODE_SIGN_STYLE = Automatic;
				INFOPLIST_FILE = TestApp/Info.plist;
				IPHONEOS_DEPLOYMENT_TARGET = 11.0;
				LD_RUNPATH_SEARCH_PATHS = (
					"$(inherited)",
					"@executable_path/Frameworks",
				);
				PRODUCT_BUNDLE_IDENTIFIER = ru.sunshine.TestApp;
				PRODUCT_NAME = "$(TARGET_NAME)";
				SWIFT_VERSION = 4.0;
				TARGETED_DEVICE_FAMILY = 1;
			};
			name = Release;
		};
/* End XCBuildConfiguration section */

/* Begin XCConfigurationList section */
		75195C062422419C00BF8E6F /* Build configuration list for PBXProject "TestApp" */ = {
			isa = XCConfigurationList;
			buildConfigurations = (
				75195C1D2422419E00BF8E6F /* Debug */,
				75195C1E2422419E00BF8E6F /* Release */,
			);
			defaultConfigurationIsVisible = 0;
			defaultConfigurationName = Release;
		};
		75195C1F2422419E00BF8E6F /* Build configuration list for PBXNativeTarget "TestApp" */ = {
			isa = XCConfigurationList;
			buildConfigurations = (
				75195C202422419E00BF8E6F /* Debug */,
				75195C212422419E00BF8E6F /* Release */,
			);
			defaultConfigurationIsVisible = 0;
			defaultConfigurationName = Release;
		};
/* End XCConfigurationList section */
	};
	rootObject = 75195C032422419C00BF8E6F /* Project object */;
}
